
Microsoft Visual Studio Solution File, Format Version 11.00
# Visual Studio 2010
Project("{FAE04EC0-301F-11D3-BF4B-00C04F79EFBC}") = "WhereFi", "WhereFi.csproj", "{E5CA27B1-5C1E-4AD1-ABC9-B7AAEF7B7528}"
EndProject
Global
	GlobalSection(SolutionConfigurationPlatforms) = preSolution
		Debug|Any CPU = Debug|Any CPU
		Release|Any CPU = Release|Any CPU
	EndGlobalSection
	GlobalSection(ProjectConfigurationPlatforms) = postSolution
		{E5CA27B1-5C1E-4AD1-ABC9-B7AAEF7B7528}.Debug|Any CPU.ActiveCfg = Debug|Any CPU
		{E5CA27B1-5C1E-4AD1-ABC9-B7AAEF7B7528}.Debug|Any CPU.Build.0 = Debug|Any CPU
		{E5CA27B1-5C1E-4AD1-ABC9-B7AAEF7B7528}.Debug|Any CPU.Deploy.0 = Debug|Any CPU
		{E5CA27B1-5C1E-4AD1-ABC9-B7AAEF7B7528}.Release|Any CPU.ActiveCfg = Release|Any CPU
		{E5CA27B1-5C1E-4AD1-ABC9-B7AAEF7B7528}.Release|Any CPU.Build.0 = Release|Any CPU
		{E5CA27B1-5C1E-4AD1-ABC9-B7AAEF7B7528}.Release|Any CPU.Deploy.0 = Release|Any CPU
	EndGlobalSection
	GlobalSection(SolutionProperties) = preSolution
		HideSolutionNode = FALSE
	EndGlobalSection
EndGlobal
